
Microsoft Visual Studio Solution File, Format Version 12.00
# Visual Studio Version 17
VisualStudioVersion = 17.5.33516.290
MinimumVisualStudioVersion = 10.0.40219.1
Project("{FAE04EC0-301F-11D3-BF4B-00C04F79EFBC}") = "lesson31", "lesson31\lesson31.csproj", "{7D4E68E0-EF95-49FF-A744-49B0A6C4874D}"
EndProject
Global
	GlobalSection(SolutionConfigurationPlatforms) = preSolution
		Debug|Any CPU = Debug|Any CPU
		Release|Any CPU = Release|Any CPU
	EndGlobalSection
	GlobalSection(ProjectConfigurationPlatforms) = postSolution
		{7D4E68E0-EF95-49FF-A744-49B0A6C4874D}.Debug|Any CPU.ActiveCfg = Debug|Any CPU
		{7D4E68E0-EF95-49FF-A744-49B0A6C4874D}.Debug|Any CPU.Build.0 = Debug|Any CPU
		{7D4E68E0-EF95-49FF-A744-49B0A6C4874D}.Release|Any CPU.ActiveCfg = Release|Any CPU
		{7D4E68E0-EF95-49FF-A744-49B0A6C4874D}.Release|Any CPU.Build.0 = Release|Any CPU
	EndGlobalSection
	GlobalSection(SolutionProperties) = preSolution
		HideSolutionNode = FALSE
	EndGlobalSection
	GlobalSection(ExtensibilityGlobals) = postSolution
		SolutionGuid = {51330391-BA3B-492D-92E1-C81C4F9B7268}
	EndGlobalSection
EndGlobal
